{
  "requires": true,
  "lockfileVersion": 1,
  "dependencies": {
    "complex.js": {
      "version": "2.0.11",
      "resolved": "https://expel.jfrog.io/expel/api/npm/expelnpm/complex.js/-/complex.js-2.0.11.tgz",
      "integrity": "sha1-Cahz+/Ff/YwYycIgHM70JcMri/E="
    },
    "date-format": {
      "version": "3.0.0",
      "resolved": "https://expel.jfrog.io/expel/api/npm/expelnpm/date-format/-/date-format-3.0.0.tgz",
      "integrity": "sha1-64eANlx9KxURB4+0keZHl4DzrZU="
    },
    "debug": {
      "version": "4.1.1",
      "resolved": "https://expel.jfrog.io/expel/api/npm/expelnpm/debug/-/debug-4.1.1.tgz",
      "integrity": "sha1-O3ImAlUQnGtYnO4FDx1RYTlmR5E=",
      "requires": {
        "ms": "^2.1.1"
      }
    },
    "decimal.js": {
      "version": "10.2.0",
      "resolved": "https://expel.jfrog.io/expel/api/npm/expelnpm/decimal.js/-/decimal.js-10.2.0.tgz",
      "integrity": "sha1-OUZhE6ngNhEdAvgkibX9awte0jE="
    },
    "escape-latex": {
      "version": "1.2.0",
      "resolved": "https://expel.jfrog.io/expel/api/npm/expelnpm/escape-latex/-/escape-latex-1.2.0.tgz",
      "integrity": "sha1-B8A4GM99rCUMzlF/T9obAB7yvKE="
    },
    "flatted": {
      "version": "2.0.1",
      "resolved": "https://expel.jfrog.io/expel/api/npm/expelnpm/flatted/-/flatted-2.0.1.tgz",
      "integrity": "sha1-aeV8qo8OrLwoHS4stFjUb9tEngg="
    },
    "fraction.js": {
      "version": "4.0.12",
      "resolved": "https://expel.jfrog.io/expel/api/npm/expelnpm/fraction.js/-/fraction.js-4.0.12.tgz",
      "integrity": "sha1-BSbUfGWl+0hU33i8d/e+xwjXuMM="
    },
    "fs-extra": {
      "version": "8.1.0",
      "resolved": "https://expel.jfrog.io/expel/api/npm/expelnpm/fs-extra/-/fs-extra-8.1.0.tgz",
      "integrity": "sha1-SdQ8RaiM2Wd2aMt74bRu/bjS4cA=",
      "requires": {
        "graceful-fs": "^4.2.0",
        "jsonfile": "^4.0.0",
        "universalify": "^0.1.0"
      }
    },
    "graceful-fs": {
      "version": "4.2.3",
      "resolved": "https://expel.jfrog.io/expel/api/npm/expelnpm/graceful-fs/-/graceful-fs-4.2.3.tgz",
      "integrity": "sha1-ShL/G2A3bvCYYsIJPt2Qgyi+hCM="
    },
    "javascript-natural-sort": {
      "version": "0.7.1",
      "resolved": "https://expel.jfrog.io/expel/api/npm/expelnpm/javascript-natural-sort/-/javascript-natural-sort-0.7.1.tgz",
      "integrity": "sha1-+eIwPUUH9tdDVac2ZNFED7Wg71k="
    },
    "js-combinatorics": {
      "version": "0.5.4",
      "resolved": "https://expel.jfrog.io/expel/api/npm/expelnpm/js-combinatorics/-/js-combinatorics-0.5.4.tgz",
      "integrity": "sha1-ySkWuPgXG2Ts18RDW3LPq8gDx1Y="
    },
    "jsonfile": {
      "version": "4.0.0",
      "resolved": "https://expel.jfrog.io/expel/api/npm/expelnpm/jsonfile/-/jsonfile-4.0.0.tgz",
      "integrity": "sha1-h3Gq4HmbZAdrdmQPygWPnBDjPss=",
      "requires": {
        "graceful-fs": "^4.1.6"
      }
    },
    "lodash": {
      "version": "4.17.15",
      "resolved": "https://expel.jfrog.io/expel/api/npm/expelnpm/lodash/-/lodash-4.17.15.tgz",
      "integrity": "sha1-tEf2ZwoEVbv+7dETku/zMOoJdUg="
    },
    "log4js": {
      "version": "6.1.0",
      "resolved": "https://expel.jfrog.io/expel/api/npm/expelnpm/log4js/-/log4js-6.1.0.tgz",
      "integrity": "sha1-USaBVK2y612KWUssd/Akp38EcmU=",
      "requires": {
        "date-format": "^3.0.0",
        "debug": "^4.1.1",
        "flatted": "^2.0.1",
        "rfdc": "^1.1.4",
        "streamroller": "^2.2.3"
      }
    },
    "mathjs": {
      "version": "6.2.5",
      "resolved": "https://expel.jfrog.io/expel/api/npm/expelnpm/mathjs/-/mathjs-6.2.5.tgz",
      "integrity": "sha1-jn9XF6QIMQD8/Mcgh4h6qU1LKd8=",
      "requires": {
        "complex.js": "2.0.11",
        "decimal.js": "10.2.0",
        "escape-latex": "1.2.0",
        "fraction.js": "4.0.12",
        "javascript-natural-sort": "0.7.1",
        "seed-random": "2.2.0",
        "tiny-emitter": "2.1.0",
        "typed-function": "1.1.1"
      }
    },
    "ms": {
      "version": "2.1.2",
      "resolved": "https://expel.jfrog.io/expel/api/npm/expelnpm/ms/-/ms-2.1.2.tgz",
      "integrity": "sha1-0J0fNXtEP0kzgqjrPM0YOHKuYAk="
    },
    "rfdc": {
      "version": "1.1.4",
      "resolved": "https://expel.jfrog.io/expel/api/npm/expelnpm/rfdc/-/rfdc-1.1.4.tgz",
      "integrity": "sha1-unLME2egzNnPgahws7WL060H+MI="
    },
    "seed-random": {
      "version": "2.2.0",
      "resolved": "https://expel.jfrog.io/expel/api/npm/expelnpm/seed-random/-/seed-random-2.2.0.tgz",
      "integrity": "sha1-KpsZ4lCoFwmSMaW5mk2vgLf77VQ="
    },
    "streamroller": {
      "version": "2.2.3",
      "resolved": "https://expel.jfrog.io/expel/api/npm/expelnpm/streamroller/-/streamroller-2.2.3.tgz",
      "integrity": "sha1-uVyfrUTi6JAF0kIUFIaztJYsLSg=",
      "requires": {
        "date-format": "^2.1.0",
        "debug": "^4.1.1",
        "fs-extra": "^8.1.0"
      },
      "dependencies": {
        "date-format": {
          "version": "2.1.0",
          "resolved": "https://expel.jfrog.io/expel/api/npm/expelnpm/date-format/-/date-format-2.1.0.tgz",
          "integrity": "sha1-MdW16iEc9f12TNOLr50DPffhJc8="
        }
      }
    },
    "tiny-emitter": {
      "version": "2.1.0",
      "resolved": "https://expel.jfrog.io/expel/api/npm/expelnpm/tiny-emitter/-/tiny-emitter-2.1.0.tgz",
      "integrity": "sha1-HRpW7fxRxD6GPLtTgqcjMONVVCM="
    },
    "typed-function": {
      "version": "1.1.1",
      "resolved": "https://expel.jfrog.io/expel/api/npm/expelnpm/typed-function/-/typed-function-1.1.1.tgz",
      "integrity": "sha1-oTFhh+w2KMniGbkcqWkYZgoQE44="
    },
    "universalify": {
      "version": "0.1.2",
      "resolved": "https://expel.jfrog.io/expel/api/npm/expelnpm/universalify/-/universalify-0.1.2.tgz",
      "integrity": "sha1-tkb2m+OULavOzJ1mOcgNwQXvqmY="
    }
  }
}
